// !$*UTF8*$!
{
	archiveVersion = 1;
	classes = {
	};
	objectVersion = 46;
	objects = {

/* Begin PBXBuildFile section */
		7B35D9461AB90201003A3DA8 /* ai in Resources */ = {isa = PBXBuildFile; fileRef = 7B35D9451AB90201003A3DA8 /* ai */; };
		7B6269A41AB6FA7C00A92B68 /* AppDelegate.swift in Sources */ = {isa = PBXBuildFile; fileRef = 7B6269A31AB6FA7C00A92B68 /* AppDelegate.swift */; };
		7B6269A61AB6FA7C00A92B68 /* ViewController.swift in Sources */ = {isa = PBXBuildFile; fileRef = 7B6269A51AB6FA7C00A92B68 /* ViewController.swift */; };
		7B6269A91AB6FA7C00A92B68 /* Main.storyboard in Resources */ = {isa = PBXBuildFile; fileRef = 7B6269A71AB6FA7C00A92B68 /* Main.storyboard */; };
		7B6269AB1AB6FA7C00A92B68 /* Images.xcassets in Resources */ = {isa = PBXBuildFile; fileRef = 7B6269AA1AB6FA7C00A92B68 /* Images.xcassets */; };
		7B6269AE1AB6FA7C00A92B68 /* LaunchScreen.xib in Resources */ = {isa = PBXBuildFile; fileRef = 7B6269AC1AB6FA7C00A92B68 /* LaunchScreen.xib */; };
		7B6269BA1AB6FA7C00A92B68 /* FirstGameTests.swift in Sources */ = {isa = PBXBuildFile; fileRef = 7B6269B91AB6FA7C00A92B68 /* FirstGameTests.swift */; };
		7B6269C41AB70F4400A92B68 /* Media.xcassets in Resources */ = {isa = PBXBuildFile; fileRef = 7B6269C31AB70F4400A92B68 /* Media.xcassets */; };
		7B8840BD1AB90D0D008B89FE /* GameOverViewController.swift in Sources */ = {isa = PBXBuildFile; fileRef = 7B8840BC1AB90D0D008B89FE /* GameOverViewController.swift */; };
		7B8840BF1AB9132E008B89FE /* FileManager.swift in Sources */ = {isa = PBXBuildFile; fileRef = 7B8840BE1AB9132E008B89FE /* FileManager.swift */; };
/* End PBXBuildFile section */

/* Begin PBXContainerItemProxy section */
		7B6269B41AB6FA7C00A92B68 /* PBXContainerItemProxy */ = {
			isa = PBXContainerItemProxy;
			containerPortal = 7B6269961AB6FA7C00A92B68 /* Project object */;
			proxyType = 1;
			remoteGlobalIDString = 7B62699D1AB6FA7C00A92B68;
			remoteInfo = FirstGame;
		};
/* End PBXContainerItemProxy section */

/* Begin PBXFileReference section */
		7B35D9451AB90201003A3DA8 /* ai */ = {isa = PBXFileReference; lastKnownFileType = folder; path = ai; sourceTree = "<group>"; };
		7B62699E1AB6FA7C00A92B68 /* FirstGame.app */ = {isa = PBXFileReference; explicitFileType = wrapper.application; includeInIndex = 0; path = FirstGame.app; sourceTree = BUILT_PRODUCTS_DIR; };
		7B6269A21AB6FA7C00A92B68 /* Info.plist */ = {isa = PBXFileReference; lastKnownFileType = text.plist.xml; path = Info.plist; sourceTree = "<group>"; };
		7B6269A31AB6FA7C00A92B68 /* AppDelegate.swift */ = {isa = PBXFileReference; lastKnownFileType = sourcecode.swift; path = AppDelegate.swift; sourceTree = "<group>"; };
		7B6269A51AB6FA7C00A92B68 /* ViewController.swift */ = {isa = PBXFileReference; lastKnownFileType = sourcecode.swift; path = ViewController.swift; sourceTree = "<group>"; };
		7B6269A81AB6FA7C00A92B68 /* Base */ = {isa = PBXFileReference; lastKnownFileType = file.storyboard; name = Base; path = Base.lproj/Main.storyboard; sourceTree = "<group>"; };
		7B6269AA1AB6FA7C00A92B68 /* Images.xcassets */ = {isa = PBXFileReference; lastKnownFileType = folder.assetcatalog; path = Images.xcassets; sourceTree = "<group>"; };
		7B6269AD1AB6FA7C00A92B68 /* Base */ = {isa = PBXFileReference; lastKnownFileType = file.xib; name = Base; path = Base.lproj/LaunchScreen.xib; sourceTree = "<group>"; };
		7B6269B31AB6FA7C00A92B68 /* FirstGameTests.xctest */ = {isa = PBXFileReference; explicitFileType = wrapper.cfbundle; includeInIndex = 0; path = FirstGameTests.xctest; sourceTree = BUILT_PRODUCTS_DIR; };
		7B6269B81AB6FA7C00A92B68 /* Info.plist */ = {isa = PBXFileReference; lastKnownFileType = text.plist.xml; path = Info.plist; sourceTree = "<group>"; };
		7B6269B91AB6FA7C00A92B68 /* FirstGameTests.swift */ = {isa = PBXFileReference; lastKnownFileType = sourcecode.swift; path = FirstGameTests.swift; sourceTree = "<group>"; };
		7B6269C31AB70F4400A92B68 /* Media.xcassets */ = {isa = PBXFileReference; lastKnownFileType = folder.assetcatalog; path = Media.xcassets; sourceTree = "<group>"; };
		7B8840BC1AB90D0D008B89FE /* GameOverViewController.swift */ = {isa = PBXFileReference; fileEncoding = 4; lastKnownFileType = sourcecode.swift; path = GameOverViewController.swift; sourceTree = "<group>"; };
		7B8840BE1AB9132E008B89FE /* FileManager.swift */ = {isa = PBXFileReference; fileEncoding = 4; lastKnownFileType = sourcecode.swift; path = FileManager.swift; sourceTree = "<group>"; };
/* End PBXFileReference section */

/* Begin PBXFrameworksBuildPhase section */
		7B62699B1AB6FA7C00A92B68 /* Frameworks */ = {
			isa = PBXFrameworksBuildPhase;
			buildActionMask = 2147483647;
			files = (
			);
			runOnlyForDeploymentPostprocessing = 0;
		};
		7B6269B01AB6FA7C00A92B68 /* Frameworks */ = {
			isa = PBXFrameworksBuildPhase;
			buildActionMask = 2147483647;
			files = (
			);
			runOnlyForDeploymentPostprocessing = 0;
		};
/* End PBXFrameworksBuildPhase section */

/* Begin PBXGroup section */
		7B6269951AB6FA7C00A92B68 = {
			isa = PBXGroup;
			children = (
				7B6269A01AB6FA7C00A92B68 /* FirstGame */,
				7B6269B61AB6FA7C00A92B68 /* FirstGameTests */,
				7B62699F1AB6FA7C00A92B68 /* Products */,
			);
			sourceTree = "<group>";
		};
		7B62699F1AB6FA7C00A92B68 /* Products */ = {
			isa = PBXGroup;
			children = (
				7B62699E1AB6FA7C00A92B68 /* FirstGame.app */,
				7B6269B31AB6FA7C00A92B68 /* FirstGameTests.xctest */,
			);
			name = Products;
			sourceTree = "<group>";
		};
		7B6269A01AB6FA7C00A92B68 /* FirstGame */ = {
			isa = PBXGroup;
			children = (
				7B8840BC1AB90D0D008B89FE /* GameOverViewController.swift */,
				7B8840BE1AB9132E008B89FE /* FileManager.swift */,
				7B35D9451AB90201003A3DA8 /* ai */,
				7B6269A31AB6FA7C00A92B68 /* AppDelegate.swift */,
				7B6269A51AB6FA7C00A92B68 /* ViewController.swift */,
				7B6269A71AB6FA7C00A92B68 /* Main.storyboard */,
				7B6269AA1AB6FA7C00A92B68 /* Images.xcassets */,
				7B6269AC1AB6FA7C00A92B68 /* LaunchScreen.xib */,
				7B6269A11AB6FA7C00A92B68 /* Supporting Files */,
				7B6269C31AB70F4400A92B68 /* Media.xcassets */,
			);
			path = FirstGame;
			sourceTree = "<group>";
		};
		7B6269A11AB6FA7C00A92B68 /* Supporting Files */ = {
			isa = PBXGroup;
			children = (
				7B6269A21AB6FA7C00A92B68 /* Info.plist */,
			);
			name = "Supporting Files";
			sourceTree = "<group>";
		};
		7B6269B61AB6FA7C00A92B68 /* FirstGameTests */ = {
			isa = PBXGroup;
			children = (
				7B6269B91AB6FA7C00A92B68 /* FirstGameTests.swift */,
				7B6269B71AB6FA7C00A92B68 /* Supporting Files */,
			);
			path = FirstGameTests;
			sourceTree = "<group>";
		};
		7B6269B71AB6FA7C00A92B68 /* Supporting Files */ = {
			isa = PBXGroup;
			children = (
				7B6269B81AB6FA7C00A92B68 /* Info.plist */,
			);
			name = "Supporting Files";
			sourceTree = "<group>";
		};
/* End PBXGroup section */

/* Begin PBXNativeTarget section */
		7B62699D1AB6FA7C00A92B68 /* FirstGame */ = {
			isa = PBXNativeTarget;
			buildConfigurationList = 7B6269BD1AB6FA7C00A92B68 /* Build configuration list for PBXNativeTarget "FirstGame" */;
			buildPhases = (
				7B62699A1AB6FA7C00A92B68 /* Sources */,
				7B62699B1AB6FA7C00A92B68 /* Frameworks */,
				7B62699C1AB6FA7C00A92B68 /* Resources */,
			);
			buildRules = (
			);
			dependencies = (
			);
			name = FirstGame;
			productName = FirstGame;
			productReference = 7B62699E1AB6FA7C00A92B68 /* FirstGame.app */;
			productType = "com.apple.product-type.application";
		};
		7B6269B21AB6FA7C00A92B68 /* FirstGameTests */ = {
			isa = PBXNativeTarget;
			buildConfigurationList = 7B6269C01AB6FA7C00A92B68 /* Build configuration list for PBXNativeTarget "FirstGameTests" */;
			buildPhases = (
				7B6269AF1AB6FA7C00A92B68 /* Sources */,
				7B6269B01AB6FA7C00A92B68 /* Frameworks */,
				7B6269B11AB6FA7C00A92B68 /* Resources */,
			);
			buildRules = (
			);
			dependencies = (
				7B6269B51AB6FA7C00A92B68 /* PBXTargetDependency */,
			);
			name = FirstGameTests;
			productName = FirstGameTests;
			productReference = 7B6269B31AB6FA7C00A92B68 /* FirstGameTests.xctest */;
			productType = "com.apple.product-type.bundle.unit-test";
		};
/* End PBXNativeTarget section */

/* Begin PBXProject section */
		7B6269961AB6FA7C00A92B68 /* Project object */ = {
			isa = PBXProject;
			attributes = {
				LastUpgradeCheck = 0610;
				ORGANIZATIONNAME = "Felix Parker";
				TargetAttributes = {
					7B62699D1AB6FA7C00A92B68 = {
						CreatedOnToolsVersion = 6.1.1;
					};
					7B6269B21AB6FA7C00A92B68 = {
						CreatedOnToolsVersion = 6.1.1;
						TestTargetID = 7B62699D1AB6FA7C00A92B68;
					};
				};
			};
			buildConfigurationList = 7B6269991AB6FA7C00A92B68 /* Build configuration list for PBXProject "FirstGame" */;
			compatibilityVersion = "Xcode 3.2";
			developmentRegion = English;
			hasScannedForEncodings = 0;
			knownRegions = (
				en,
				Base,
			);
			mainGroup = 7B6269951AB6FA7C00A92B68;
			productRefGroup = 7B62699F1AB6FA7C00A92B68 /* Products */;
			projectDirPath = "";
			projectRoot = "";
			targets = (
				7B62699D1AB6FA7C00A92B68 /* FirstGame */,
				7B6269B21AB6FA7C00A92B68 /* FirstGameTests */,
			);
		};
/* End PBXProject section */

/* Begin PBXResourcesBuildPhase section */
		7B62699C1AB6FA7C00A92B68 /* Resources */ = {
			isa = PBXResourcesBuildPhase;
			buildActionMask = 2147483647;
			files = (
				7B35D9461AB90201003A3DA8 /* ai in Resources */,
				7B6269A91AB6FA7C00A92B68 /* Main.storyboard in Resources */,
				7B6269AE1AB6FA7C00A92B68 /* LaunchScreen.xib in Resources */,
				7B6269C41AB70F4400A92B68 /* Media.xcassets in Resources */,
				7B6269AB1AB6FA7C00A92B68 /* Images.xcassets in Resources */,
			);
			runOnlyForDeploymentPostprocessing = 0;
		};
		7B6269B11AB6FA7C00A92B68 /* Resources */ = {
			isa = PBXResourcesBuildPhase;
			buildActionMask = 2147483647;
			files = (
			);
			runOnlyForDeploymentPostprocessing = 0;
		};
/* End PBXResourcesBuildPhase section */

/* Begin PBXSourcesBuildPhase section */
		7B62699A1AB6FA7C00A92B68 /* Sources */ = {
			isa = PBXSourcesBuildPhase;
			buildActionMask = 2147483647;
			files = (
				7B6269A61AB6FA7C00A92B68 /* ViewController.swift in Sources */,
				7B6269A41AB6FA7C00A92B68 /* AppDelegate.swift in Sources */,
				7B8840BD1AB90D0D008B89FE /* GameOverViewController.swift in Sources */,
				7B8840BF1AB9132E008B89FE /* FileManager.swift in Sources */,
			);
			runOnlyForDeploymentPostprocessing = 0;
		};
		7B6269AF1AB6FA7C00A92B68 /* Sources */ = {
			isa = PBXSourcesBuildPhase;
			buildActionMask = 2147483647;
			files = (
				7B6269BA1AB6FA7C00A92B68 /* FirstGameTests.swift in Sources */,
			);
			runOnlyForDeploymentPostprocessing = 0;
		};
/* End PBXSourcesBuildPhase section */

/* Begin PBXTargetDependency section */
		7B6269B51AB6FA7C00A92B68 /* PBXTargetDependency */ = {
			isa = PBXTargetDependency;
			target = 7B62699D1AB6FA7C00A92B68 /* FirstGame */;
			targetProxy = 7B6269B41AB6FA7C00A92B68 /* PBXContainerItemProxy */;
		};
/* End PBXTargetDependency section */

/* Begin PBXVariantGroup section */
		7B6269A71AB6FA7C00A92B68 /* Main.storyboard */ = {
			isa = PBXVariantGroup;
			children = (
				7B6269A81AB6FA7C00A92B68 /* Base */,
			);
			name = Main.storyboard;
			sourceTree = "<group>";
		};
		7B6269AC1AB6FA7C00A92B68 /* LaunchScreen.xib */ = {
			isa = PBXVariantGroup;
			children = (
				7B6269AD1AB6FA7C00A92B68 /* Base */,
			);
			name = LaunchScreen.xib;
			sourceTree = "<group>";
		};
/* End PBXVariantGroup section */

/* Begin XCBuildConfiguration section */
		7B6269BB1AB6FA7C00A92B68 /* Debug */ = {
			isa = XCBuildConfiguration;
			buildSettings = {
				ALWAYS_SEARCH_USER_PATHS = NO;
				CLANG_CXX_LANGUAGE_STANDARD = "gnu++0x";
				CLANG_CXX_LIBRARY = "libc++";
				CLANG_ENABLE_MODULES = YES;
				CLANG_ENABLE_OBJC_ARC = YES;
				CLANG_WARN_BOOL_CONVERSION = YES;
				CLANG_WARN_CONSTANT_CONVERSION = YES;
				CLANG_WARN_DIRECT_OBJC_ISA_USAGE = YES_ERROR;
				CLANG_WARN_EMPTY_BODY = YES;
				CLANG_WARN_ENUM_CONVERSION = YES;
				CLANG_WARN_INT_CONVERSION = YES;
				CLANG_WARN_OBJC_ROOT_CLASS = YES_ERROR;
				CLANG_WARN_UNREACHABLE_CODE = YES;
				CLANG_WARN__DUPLICATE_METHOD_MATCH = YES;
				"CODE_SIGN_IDENTITY[sdk=iphoneos*]" = "iPhone Developer";
				COPY_PHASE_STRIP = NO;
				ENABLE_STRICT_OBJC_MSGSEND = YES;
				GCC_C_LANGUAGE_STANDARD = gnu99;
				GCC_DYNAMIC_NO_PIC = NO;
				GCC_OPTIMIZATION_LEVEL = 0;
				GCC_PREPROCESSOR_DEFINITIONS = (
					"DEBUG=1",
					"$(inherited)",
				);
				GCC_SYMBOLS_PRIVATE_EXTERN = NO;
				GCC_WARN_64_TO_32_BIT_CONVERSION = YES;
				GCC_WARN_ABOUT_RETURN_TYPE = YES_ERROR;
				GCC_WARN_UNDECLARED_SELECTOR = YES;
				GCC_WARN_UNINITIALIZED_AUTOS = YES_AGGRESSIVE;
				GCC_WARN_UNUSED_FUNCTION = YES;
				GCC_WARN_UNUSED_VARIABLE = YES;
				IPHONEOS_DEPLOYMENT_TARGET = 8.1;
				MTL_ENABLE_DEBUG_INFO = YES;
				ONLY_ACTIVE_ARCH = YES;
				SDKROOT = iphoneos;
				SWIFT_OPTIMIZATION_LEVEL = "-Onone";
			};
			name = Debug;
		};
		7B6269BC1AB6FA7C00A92B68 /* Release */ = {
			isa = XCBuildConfiguration;
			buildSettings = {
				ALWAYS_SEARCH_USER_PATHS = NO;
				CLANG_CXX_LANGUAGE_STANDARD = "gnu++0x";
				CLANG_CXX_LIBRARY = "libc++";
				CLANG_ENABLE_MODULES = YES;
				CLANG_ENABLE_OBJC_ARC = YES;
				CLANG_WARN_BOOL_CONVERSION = YES;
				CLANG_WARN_CONSTANT_CONVERSION = YES;
				CLANG_WARN_DIRECT_OBJC_ISA_USAGE = YES_ERROR;
				CLANG_WARN_EMPTY_BODY = YES;
				CLANG_WARN_ENUM_CONVERSION = YES;
				CLANG_WARN_INT_CONVERSION = YES;
				CLANG_WARN_OBJC_ROOT_CLASS = YES_ERROR;
				CLANG_WARN_UNREACHABLE_CODE = YES;
				CLANG_WARN__DUPLICATE_METHOD_MATCH = YES;
				"CODE_SIGN_IDENTITY[sdk=iphoneos*]" = "iPhone Developer";
				COPY_PHASE_STRIP = YES;
				ENABLE_NS_ASSERTIONS = NO;
				ENABLE_STRICT_OBJC_MSGSEND = YES;
				GCC_C_LANGUAGE_STANDARD = gnu99;
				GCC_WARN_64_TO_32_BIT_CONVERSION = YES;
				GCC_WARN_ABOUT_RETURN_TYPE = YES_ERROR;
				GCC_WARN_UNDECLARED_SELECTOR = YES;
				GCC_WARN_UNINITIALIZED_AUTOS = YES_AGGRESSIVE;
				GCC_WARN_UNUSED_FUNCTION = YES;
				GCC_WARN_UNUSED_VARIABLE = YES;
				IPHONEOS_DEPLOYMENT_TARGET = 8.1;
				MTL_ENABLE_DEBUG_INFO = NO;
				SDKROOT = iphoneos;
				VALIDATE_PRODUCT = YES;
			};
			name = Release;
		};
		7B6269BE1AB6FA7C00A92B68 /* Debug */ = {
			isa = XCBuildConfiguration;
			buildSettings = {
				ASSETCATALOG_COMPILER_APPICON_NAME = AppIcon;
				INFOPLIST_FILE = FirstGame/Info.plist;
				LD_RUNPATH_SEARCH_PATHS = "$(inherited) @executable_path/Frameworks";
				PRODUCT_NAME = "$(TARGET_NAME)";
			};
			name = Debug;
		};
		7B6269BF1AB6FA7C00A92B68 /* Release */ = {
			isa = XCBuildConfiguration;
			buildSettings = {
				ASSETCATALOG_COMPILER_APPICON_NAME = AppIcon;
				INFOPLIST_FILE = FirstGame/Info.plist;
				LD_RUNPATH_SEARCH_PATHS = "$(inherited) @executable_path/Frameworks";
				PRODUCT_NAME = "$(TARGET_NAME)";
			};
			name = Release;
		};
		7B6269C11AB6FA7C00A92B68 /* Debug */ = {
			isa = XCBuildConfiguration;
			buildSettings = {
				BUNDLE_LOADER = "$(TEST_HOST)";
				FRAMEWORK_SEARCH_PATHS = (
					"$(SDKROOT)/Developer/Library/Frameworks",
					"$(inherited)",
				);
				GCC_PREPROCESSOR_DEFINITIONS = (
					"DEBUG=1",
					"$(inherited)",
				);
				INFOPLIST_FILE = FirstGameTests/Info.plist;
				LD_RUNPATH_SEARCH_PATHS = "$(inherited) @executable_path/Frameworks @loader_path/Frameworks";
				PRODUCT_NAME = "$(TARGET_NAME)";
				TEST_HOST = "$(BUILT_PRODUCTS_DIR)/FirstGame.app/FirstGame";
			};
			name = Debug;
		};
		7B6269C21AB6FA7C00A92B68 /* Release */ = {
			isa = XCBuildConfiguration;
			buildSettings = {
				BUNDLE_LOADER = "$(TEST_HOST)";
				FRAMEWORK_SEARCH_PATHS = (
					"$(SDKROOT)/Developer/Library/Frameworks",
					"$(inherited)",
				);
				INFOPLIST_FILE = FirstGameTests/Info.plist;
				LD_RUNPATH_SEARCH_PATHS = "$(inherited) @executable_path/Frameworks @loader_path/Frameworks";
				PRODUCT_NAME = "$(TARGET_NAME)";
				TEST_HOST = "$(BUILT_PRODUCTS_DIR)/FirstGame.app/FirstGame";
			};
			name = Release;
		};
/* End XCBuildConfiguration section */

/* Begin XCConfigurationList section */
		7B6269991AB6FA7C00A92B68 /* Build configuration list for PBXProject "FirstGame" */ = {
			isa = XCConfigurationList;
			buildConfigurations = (
				7B6269BB1AB6FA7C00A92B68 /* Debug */,
				7B6269BC1AB6FA7C00A92B68 /* Release */,
			);
			defaultConfigurationIsVisible = 0;
			defaultConfigurationName = Release;
		};
		7B6269BD1AB6FA7C00A92B68 /* Build configuration list for PBXNativeTarget "FirstGame" */ = {
			isa = XCConfigurationList;
			buildConfigurations = (
				7B6269BE1AB6FA7C00A92B68 /* Debug */,
				7B6269BF1AB6FA7C00A92B68 /* Release */,
			);
			defaultConfigurationIsVisible = 0;
			defaultConfigurationName = Release;
		};
		7B6269C01AB6FA7C00A92B68 /* Build configuration list for PBXNativeTarget "FirstGameTests" */ = {
			isa = XCConfigurationList;
			buildConfigurations = (
				7B6269C11AB6FA7C00A92B68 /* Debug */,
				7B6269C21AB6FA7C00A92B68 /* Release */,
			);
			defaultConfigurationIsVisible = 0;
			defaultConfigurationName = Release;
		};
/* End XCConfigurationList section */
	};
	rootObject = 7B6269961AB6FA7C00A92B68 /* Project object */;
}
